// !$*UTF8*$!
{
	archiveVersion = 1;
	classes = {
	};
	objectVersion = 56;
	objects = {

/* Begin PBXBuildFile section */
		F921B4DE2A4DBCCA00D54F34 /* TextFieldFactory.swift in Sources */ = {isa = PBXBuildFile; fileRef = F921B4DD2A4DBCCA00D54F34 /* TextFieldFactory.swift */; };
		F921B4E02A4DBE3A00D54F34 /* ImageViewFactory.swift in Sources */ = {isa = PBXBuildFile; fileRef = F921B4DF2A4DBE3A00D54F34 /* ImageViewFactory.swift */; };
		F921B4E22A4DBEE100D54F34 /* ButtonFactory.swift in Sources */ = {isa = PBXBuildFile; fileRef = F921B4E12A4DBEE100D54F34 /* ButtonFactory.swift */; };
		F921B4E42A4DC1EB00D54F34 /* LabelFactory.swift in Sources */ = {isa = PBXBuildFile; fileRef = F921B4E32A4DC1EB00D54F34 /* LabelFactory.swift */; };
		F921B4E62A4DC21500D54F34 /* StackViewFactory.swift in Sources */ = {isa = PBXBuildFile; fileRef = F921B4E52A4DC21500D54F34 /* StackViewFactory.swift */; };
		F921B4E92A4DC29900D54F34 /* HomePageViewModel.swift in Sources */ = {isa = PBXBuildFile; fileRef = F921B4E82A4DC29900D54F34 /* HomePageViewModel.swift */; };
		F921B4F72A4E156500D54F34 /* SizeSelectionListViewController.swift in Sources */ = {isa = PBXBuildFile; fileRef = F921B4F62A4E156500D54F34 /* SizeSelectionListViewController.swift */; };
		F921B4FB2A4E1E6200D54F34 /* Size.swift in Sources */ = {isa = PBXBuildFile; fileRef = F921B4FA2A4E1E6200D54F34 /* Size.swift */; };
		F921B4FD2A4E20A700D54F34 /* GenericSelectionListTableViewCell.swift in Sources */ = {isa = PBXBuildFile; fileRef = F921B4FC2A4E20A700D54F34 /* GenericSelectionListTableViewCell.swift */; };
		F93EE58C2A4CE59E003FE151 /* AppDelegate.swift in Sources */ = {isa = PBXBuildFile; fileRef = F93EE58B2A4CE59E003FE151 /* AppDelegate.swift */; };
		F93EE58E2A4CE59E003FE151 /* SceneDelegate.swift in Sources */ = {isa = PBXBuildFile; fileRef = F93EE58D2A4CE59E003FE151 /* SceneDelegate.swift */; };
		F93EE5952A4CE59E003FE151 /* Assets.xcassets in Resources */ = {isa = PBXBuildFile; fileRef = F93EE5942A4CE59E003FE151 /* Assets.xcassets */; };
		F93EE5A32A4CE59F003FE151 /* diffuVision_AITests.swift in Sources */ = {isa = PBXBuildFile; fileRef = F93EE5A22A4CE59F003FE151 /* diffuVision_AITests.swift */; };
		F93EE5AD2A4CE59F003FE151 /* diffuVision_AIUITests.swift in Sources */ = {isa = PBXBuildFile; fileRef = F93EE5AC2A4CE59F003FE151 /* diffuVision_AIUITests.swift */; };
		F93EE5AF2A4CE59F003FE151 /* diffuVision_AIUITestsLaunchTests.swift in Sources */ = {isa = PBXBuildFile; fileRef = F93EE5AE2A4CE59F003FE151 /* diffuVision_AIUITestsLaunchTests.swift */; };
		F93EE5C72A4CEA04003FE151 /* Localizable.strings in Resources */ = {isa = PBXBuildFile; fileRef = F93EE5C92A4CEA04003FE151 /* Localizable.strings */; };
		F93EE5CC2A4CEABC003FE151 /* swiftgen.yml in Resources */ = {isa = PBXBuildFile; fileRef = F93EE5CB2A4CEABC003FE151 /* swiftgen.yml */; };
		F93EE5CF2A4CEB79003FE151 /* Colors.xcassets in Resources */ = {isa = PBXBuildFile; fileRef = F93EE5CE2A4CEB79003FE151 /* Colors.xcassets */; };
		F93EE5D22A4CEF5B003FE151 /* Colors+Generated.swift in Sources */ = {isa = PBXBuildFile; fileRef = F93EE5D02A4CEF5B003FE151 /* Colors+Generated.swift */; };
		F93EE5D32A4CEF5B003FE151 /* Strings+Generated.swift in Sources */ = {isa = PBXBuildFile; fileRef = F93EE5D12A4CEF5B003FE151 /* Strings+Generated.swift */; };
		F93EE5D72A4CF1CE003FE151 /* RootViewController.swift in Sources */ = {isa = PBXBuildFile; fileRef = F93EE5D62A4CF1CE003FE151 /* RootViewController.swift */; };
		F93EE5D92A4CF1D9003FE151 /* RootViewModel.swift in Sources */ = {isa = PBXBuildFile; fileRef = F93EE5D82A4CF1D9003FE151 /* RootViewModel.swift */; };
		F93EE5DB2A4CF73F003FE151 /* README.md in Resources */ = {isa = PBXBuildFile; fileRef = F93EE5DA2A4CF73F003FE151 /* README.md */; };
		F93F2A292A517EA80039DEA0 /* XCAssets+Generated.swift in Sources */ = {isa = PBXBuildFile; fileRef = F93F2A282A517EA80039DEA0 /* XCAssets+Generated.swift */; };
		F93F2A2D2A5185990039DEA0 /* GradientView.swift in Sources */ = {isa = PBXBuildFile; fileRef = F93F2A2C2A5185990039DEA0 /* GradientView.swift */; };
		F93F2A2F2A5192CD0039DEA0 /* LoginViewModel.swift in Sources */ = {isa = PBXBuildFile; fileRef = F93F2A2E2A5192CD0039DEA0 /* LoginViewModel.swift */; };
		F93F2A322A5198A00039DEA0 /* FirebaseCrashlytics in Frameworks */ = {isa = PBXBuildFile; productRef = F93F2A312A5198A00039DEA0 /* FirebaseCrashlytics */; };
		F93F2A352A51993B0039DEA0 /* KeychainHelper.swift in Sources */ = {isa = PBXBuildFile; fileRef = F93F2A342A51993B0039DEA0 /* KeychainHelper.swift */; };
		F950A38F2A4CFBA600AC4D22 /* MainTabBarController.swift in Sources */ = {isa = PBXBuildFile; fileRef = F950A38E2A4CFBA600AC4D22 /* MainTabBarController.swift */; };
		F950A3912A4CFBB900AC4D22 /* LoginViewController.swift in Sources */ = {isa = PBXBuildFile; fileRef = F950A3902A4CFBB900AC4D22 /* LoginViewController.swift */; };
		F950A3982A4D026000AC4D22 /* LaunchScreen.storyboard in Resources */ = {isa = PBXBuildFile; fileRef = F950A3972A4D026000AC4D22 /* LaunchScreen.storyboard */; };
		F950A39C2A4D7D8000AC4D22 /* Constants.swift in Sources */ = {isa = PBXBuildFile; fileRef = F950A39B2A4D7D8000AC4D22 /* Constants.swift */; };
		F950A39E2A4D7DB300AC4D22 /* Icons.swift in Sources */ = {isa = PBXBuildFile; fileRef = F950A39D2A4D7DB300AC4D22 /* Icons.swift */; };
		F950A3A12A4D7ED400AC4D22 /* HomePageViewController.swift in Sources */ = {isa = PBXBuildFile; fileRef = F950A3A02A4D7ED400AC4D22 /* HomePageViewController.swift */; };
		F950A3A42A4D7EFD00AC4D22 /* SettingsPageViewController.swift in Sources */ = {isa = PBXBuildFile; fileRef = F950A3A32A4D7EFD00AC4D22 /* SettingsPageViewController.swift */; };
		F950A3A72A4D875500AC4D22 /* SnapKit in Frameworks */ = {isa = PBXBuildFile; productRef = F950A3A62A4D875500AC4D22 /* SnapKit */; };
		F950A3AF2A4D8C8C00AC4D22 /* UIViewController+Extension.swift in Sources */ = {isa = PBXBuildFile; fileRef = F950A3AE2A4D8C8C00AC4D22 /* UIViewController+Extension.swift */; };
		F95EB7E02A502A8000B9FD14 /* GeneratedImageViewController.swift in Sources */ = {isa = PBXBuildFile; fileRef = F95EB7DF2A502A8000B9FD14 /* GeneratedImageViewController.swift */; };
		F95EB7EA2A5094E300B9FD14 /* Spinner.swift in Sources */ = {isa = PBXBuildFile; fileRef = F95EB7E92A5094E300B9FD14 /* Spinner.swift */; };
		F95EB7EC2A5098F800B9FD14 /* CrashlyticsManager.swift in Sources */ = {isa = PBXBuildFile; fileRef = F95EB7EB2A5098F800B9FD14 /* CrashlyticsManager.swift */; };
		F95EB7F72A509A4B00B9FD14 /* GoogleService-Info.plist in Resources */ = {isa = PBXBuildFile; fileRef = F95EB7F62A509A4B00B9FD14 /* GoogleService-Info.plist */; };
		F97C6FDD2A4F05BF00EC1B49 /* SettingsPageViewModel.swift in Sources */ = {isa = PBXBuildFile; fileRef = F97C6FDC2A4F05BF00EC1B49 /* SettingsPageViewModel.swift */; };
		F97C6FE32A4F165800EC1B49 /* SettingsItemView.swift in Sources */ = {isa = PBXBuildFile; fileRef = F97C6FE22A4F165800EC1B49 /* SettingsItemView.swift */; };
		F97C6FF82A4F7C8400EC1B49 /* Environment.swift in Sources */ = {isa = PBXBuildFile; fileRef = F97C6FF72A4F7C8400EC1B49 /* Environment.swift */; };
		F97C6FFA2A4F7CF800EC1B49 /* Log.swift in Sources */ = {isa = PBXBuildFile; fileRef = F97C6FF92A4F7CF800EC1B49 /* Log.swift */; };
		F97C700A2A4F7E2200EC1B49 /* UserManager.swift in Sources */ = {isa = PBXBuildFile; fileRef = F97C70002A4F7E2200EC1B49 /* UserManager.swift */; };
		F97C700B2A4F7E2200EC1B49 /* AuthenticationManager.swift in Sources */ = {isa = PBXBuildFile; fileRef = F97C70012A4F7E2200EC1B49 /* AuthenticationManager.swift */; };
		F97C700C2A4F7E2200EC1B49 /* ApiParameters.swift in Sources */ = {isa = PBXBuildFile; fileRef = F97C70032A4F7E2200EC1B49 /* ApiParameters.swift */; };
		F97C700D2A4F7E2200EC1B49 /* ApiClient.swift in Sources */ = {isa = PBXBuildFile; fileRef = F97C70042A4F7E2200EC1B49 /* ApiClient.swift */; };
		F97C700E2A4F7E2200EC1B49 /* NetworkRequestError.swift in Sources */ = {isa = PBXBuildFile; fileRef = F97C70052A4F7E2200EC1B49 /* NetworkRequestError.swift */; };
		F97C700F2A4F7E2200EC1B49 /* ApiConstants.swift in Sources */ = {isa = PBXBuildFile; fileRef = F97C70062A4F7E2200EC1B49 /* ApiConstants.swift */; };
		F97C70102A4F7E2200EC1B49 /* ApiRouter.swift in Sources */ = {isa = PBXBuildFile; fileRef = F97C70072A4F7E2200EC1B49 /* ApiRouter.swift */; };
		F97C70112A4F7E2200EC1B49 /* Request.swift in Sources */ = {isa = PBXBuildFile; fileRef = F97C70082A4F7E2200EC1B49 /* Request.swift */; };
		F97C70122A4F7E2200EC1B49 /* NetworkDispatcher.swift in Sources */ = {isa = PBXBuildFile; fileRef = F97C70092A4F7E2200EC1B49 /* NetworkDispatcher.swift */; };
		F97C70142A4F7EE000EC1B49 /* Engine.swift in Sources */ = {isa = PBXBuildFile; fileRef = F97C70132A4F7EE000EC1B49 /* Engine.swift */; };
		F97C70162A4F7F6D00EC1B49 /* TectToImageResponse.swift in Sources */ = {isa = PBXBuildFile; fileRef = F97C70152A4F7F6D00EC1B49 /* TectToImageResponse.swift */; };
		F97C70182A4F7F9800EC1B49 /* GeneratedImageItemModel.swift in Sources */ = {isa = PBXBuildFile; fileRef = F97C70172A4F7F9800EC1B49 /* GeneratedImageItemModel.swift */; };
		F97C701A2A4F801200EC1B49 /* Encodable+Extension.swift in Sources */ = {isa = PBXBuildFile; fileRef = F97C70192A4F801200EC1B49 /* Encodable+Extension.swift */; };
		F97C701B2A4F823900EC1B49 /* Config.plist in Resources */ = {isa = PBXBuildFile; fileRef = F97C6FF62A4F7C3800EC1B49 /* Config.plist */; };
		F97C701D2A4F82C900EC1B49 /* EngineSelectionListViewController.swift in Sources */ = {isa = PBXBuildFile; fileRef = F97C701C2A4F82C900EC1B49 /* EngineSelectionListViewController.swift */; };
/* End PBXBuildFile section */

/* Begin PBXContainerItemProxy section */
		F93EE59F2A4CE59F003FE151 /* PBXContainerItemProxy */ = {
			isa = PBXContainerItemProxy;
			containerPortal = F93EE5802A4CE59E003FE151 /* Project object */;
			proxyType = 1;
			remoteGlobalIDString = F93EE5872A4CE59E003FE151;
			remoteInfo = diffuVision.AI;
		};
		F93EE5A92A4CE59F003FE151 /* PBXContainerItemProxy */ = {
			isa = PBXContainerItemProxy;
			containerPortal = F93EE5802A4CE59E003FE151 /* Project object */;
			proxyType = 1;
			remoteGlobalIDString = F93EE5872A4CE59E003FE151;
			remoteInfo = diffuVision.AI;
		};
/* End PBXContainerItemProxy section */

/* Begin PBXFileReference section */
		F921B4DD2A4DBCCA00D54F34 /* TextFieldFactory.swift */ = {isa = PBXFileReference; lastKnownFileType = sourcecode.swift; path = TextFieldFactory.swift; sourceTree = "<group>"; };
		F921B4DF2A4DBE3A00D54F34 /* ImageViewFactory.swift */ = {isa = PBXFileReference; lastKnownFileType = sourcecode.swift; path = ImageViewFactory.swift; sourceTree = "<group>"; };
		F921B4E12A4DBEE100D54F34 /* ButtonFactory.swift */ = {isa = PBXFileReference; lastKnownFileType = sourcecode.swift; path = ButtonFactory.swift; sourceTree = "<group>"; };
		F921B4E32A4DC1EB00D54F34 /* LabelFactory.swift */ = {isa = PBXFileReference; lastKnownFileType = sourcecode.swift; path = LabelFactory.swift; sourceTree = "<group>"; };
		F921B4E52A4DC21500D54F34 /* StackViewFactory.swift */ = {isa = PBXFileReference; lastKnownFileType = sourcecode.swift; path = StackViewFactory.swift; sourceTree = "<group>"; };
		F921B4E82A4DC29900D54F34 /* HomePageViewModel.swift */ = {isa = PBXFileReference; lastKnownFileType = sourcecode.swift; path = HomePageViewModel.swift; sourceTree = "<group>"; };
		F921B4F62A4E156500D54F34 /* SizeSelectionListViewController.swift */ = {isa = PBXFileReference; lastKnownFileType = sourcecode.swift; path = SizeSelectionListViewController.swift; sourceTree = "<group>"; };
		F921B4FA2A4E1E6200D54F34 /* Size.swift */ = {isa = PBXFileReference; lastKnownFileType = sourcecode.swift; path = Size.swift; sourceTree = "<group>"; };
		F921B4FC2A4E20A700D54F34 /* GenericSelectionListTableViewCell.swift */ = {isa = PBXFileReference; lastKnownFileType = sourcecode.swift; path = GenericSelectionListTableViewCell.swift; sourceTree = "<group>"; };
		F93EE5882A4CE59E003FE151 /* diffuVision.AI.app */ = {isa = PBXFileReference; explicitFileType = wrapper.application; includeInIndex = 0; path = diffuVision.AI.app; sourceTree = BUILT_PRODUCTS_DIR; };
		F93EE58B2A4CE59E003FE151 /* AppDelegate.swift */ = {isa = PBXFileReference; lastKnownFileType = sourcecode.swift; path = AppDelegate.swift; sourceTree = "<group>"; };
		F93EE58D2A4CE59E003FE151 /* SceneDelegate.swift */ = {isa = PBXFileReference; lastKnownFileType = sourcecode.swift; path = SceneDelegate.swift; sourceTree = "<group>"; };
		F93EE5942A4CE59E003FE151 /* Assets.xcassets */ = {isa = PBXFileReference; lastKnownFileType = folder.assetcatalog; path = Assets.xcassets; sourceTree = "<group>"; };
		F93EE5992A4CE59F003FE151 /* Info.plist */ = {isa = PBXFileReference; lastKnownFileType = text.plist.xml; path = Info.plist; sourceTree = "<group>"; };
		F93EE59E2A4CE59F003FE151 /* diffuVision.AITests.xctest */ = {isa = PBXFileReference; explicitFileType = wrapper.cfbundle; includeInIndex = 0; path = diffuVision.AITests.xctest; sourceTree = BUILT_PRODUCTS_DIR; };
		F93EE5A22A4CE59F003FE151 /* diffuVision_AITests.swift */ = {isa = PBXFileReference; lastKnownFileType = sourcecode.swift; path = diffuVision_AITests.swift; sourceTree = "<group>"; };
		F93EE5A82A4CE59F003FE151 /* diffuVision.AIUITests.xctest */ = {isa = PBXFileReference; explicitFileType = wrapper.cfbundle; includeInIndex = 0; path = diffuVision.AIUITests.xctest; sourceTree = BUILT_PRODUCTS_DIR; };
		F93EE5AC2A4CE59F003FE151 /* diffuVision_AIUITests.swift */ = {isa = PBXFileReference; lastKnownFileType = sourcecode.swift; path = diffuVision_AIUITests.swift; sourceTree = "<group>"; };
		F93EE5AE2A4CE59F003FE151 /* diffuVision_AIUITestsLaunchTests.swift */ = {isa = PBXFileReference; lastKnownFileType = sourcecode.swift; path = diffuVision_AIUITestsLaunchTests.swift; sourceTree = "<group>"; };
		F93EE5C82A4CEA04003FE151 /* en */ = {isa = PBXFileReference; lastKnownFileType = text.plist.strings; name = en; path = en.lproj/Localizable.strings; sourceTree = "<group>"; };
		F93EE5CB2A4CEABC003FE151 /* swiftgen.yml */ = {isa = PBXFileReference; fileEncoding = 4; lastKnownFileType = text.yaml; path = swiftgen.yml; sourceTree = "<group>"; };
		F93EE5CE2A4CEB79003FE151 /* Colors.xcassets */ = {isa = PBXFileReference; lastKnownFileType = folder.assetcatalog; path = Colors.xcassets; sourceTree = "<group>"; };
		F93EE5D02A4CEF5B003FE151 /* Colors+Generated.swift */ = {isa = PBXFileReference; fileEncoding = 4; lastKnownFileType = sourcecode.swift; path = "Colors+Generated.swift"; sourceTree = "<group>"; };
		F93EE5D12A4CEF5B003FE151 /* Strings+Generated.swift */ = {isa = PBXFileReference; fileEncoding = 4; lastKnownFileType = sourcecode.swift; path = "Strings+Generated.swift"; sourceTree = "<group>"; };
		F93EE5D62A4CF1CE003FE151 /* RootViewController.swift */ = {isa = PBXFileReference; lastKnownFileType = sourcecode.swift; path = RootViewController.swift; sourceTree = "<group>"; };
		F93EE5D82A4CF1D9003FE151 /* RootViewModel.swift */ = {isa = PBXFileReference; lastKnownFileType = sourcecode.swift; path = RootViewModel.swift; sourceTree = "<group>"; };
		F93EE5DA2A4CF73F003FE151 /* README.md */ = {isa = PBXFileReference; fileEncoding = 4; lastKnownFileType = net.daringfireball.markdown; path = README.md; sourceTree = "<group>"; };
		F93F2A282A517EA80039DEA0 /* XCAssets+Generated.swift */ = {isa = PBXFileReference; fileEncoding = 4; lastKnownFileType = sourcecode.swift; path = "XCAssets+Generated.swift"; sourceTree = "<group>"; };
		F93F2A2C2A5185990039DEA0 /* GradientView.swift */ = {isa = PBXFileReference; lastKnownFileType = sourcecode.swift; path = GradientView.swift; sourceTree = "<group>"; };
		F93F2A2E2A5192CD0039DEA0 /* LoginViewModel.swift */ = {isa = PBXFileReference; lastKnownFileType = sourcecode.swift; path = LoginViewModel.swift; sourceTree = "<group>"; };
		F93F2A332A5199090039DEA0 /* diffuVision.AI.entitlements */ = {isa = PBXFileReference; lastKnownFileType = text.plist.entitlements; path = diffuVision.AI.entitlements; sourceTree = "<group>"; };
		F93F2A342A51993B0039DEA0 /* KeychainHelper.swift */ = {isa = PBXFileReference; lastKnownFileType = sourcecode.swift; path = KeychainHelper.swift; sourceTree = "<group>"; };
		F950A38E2A4CFBA600AC4D22 /* MainTabBarController.swift */ = {isa = PBXFileReference; lastKnownFileType = sourcecode.swift; path = MainTabBarController.swift; sourceTree = "<group>"; };
		F950A3902A4CFBB900AC4D22 /* LoginViewController.swift */ = {isa = PBXFileReference; lastKnownFileType = sourcecode.swift; path = LoginViewController.swift; sourceTree = "<group>"; };
		F950A3922A4CFE5C00AC4D22 /* tr */ = {isa = PBXFileReference; lastKnownFileType = text.plist.strings; name = tr; path = tr.lproj/Localizable.strings; sourceTree = "<group>"; };
		F950A3972A4D026000AC4D22 /* LaunchScreen.storyboard */ = {isa = PBXFileReference; lastKnownFileType = file.storyboard; path = LaunchScreen.storyboard; sourceTree = "<group>"; };
		F950A39B2A4D7D8000AC4D22 /* Constants.swift */ = {isa = PBXFileReference; lastKnownFileType = sourcecode.swift; path = Constants.swift; sourceTree = "<group>"; };
		F950A39D2A4D7DB300AC4D22 /* Icons.swift */ = {isa = PBXFileReference; lastKnownFileType = sourcecode.swift; path = Icons.swift; sourceTree = "<group>"; };
		F950A3A02A4D7ED400AC4D22 /* HomePageViewController.swift */ = {isa = PBXFileReference; lastKnownFileType = sourcecode.swift; path = HomePageViewController.swift; sourceTree = "<group>"; };
		F950A3A32A4D7EFD00AC4D22 /* SettingsPageViewController.swift */ = {isa = PBXFileReference; lastKnownFileType = sourcecode.swift; path = SettingsPageViewController.swift; sourceTree = "<group>"; };
		F950A3AE2A4D8C8C00AC4D22 /* UIViewController+Extension.swift */ = {isa = PBXFileReference; lastKnownFileType = sourcecode.swift; path = "UIViewController+Extension.swift"; sourceTree = "<group>"; };
		F95EB7DF2A502A8000B9FD14 /* GeneratedImageViewController.swift */ = {isa = PBXFileReference; lastKnownFileType = sourcecode.swift; path = GeneratedImageViewController.swift; sourceTree = "<group>"; };
		F95EB7E92A5094E300B9FD14 /* Spinner.swift */ = {isa = PBXFileReference; lastKnownFileType = sourcecode.swift; path = Spinner.swift; sourceTree = "<group>"; };
		F95EB7EB2A5098F800B9FD14 /* CrashlyticsManager.swift */ = {isa = PBXFileReference; fileEncoding = 4; lastKnownFileType = sourcecode.swift; path = CrashlyticsManager.swift; sourceTree = "<group>"; };
		F95EB7F62A509A4B00B9FD14 /* GoogleService-Info.plist */ = {isa = PBXFileReference; fileEncoding = 4; lastKnownFileType = text.plist.xml; path = "GoogleService-Info.plist"; sourceTree = "<group>"; };
		F97C6FDC2A4F05BF00EC1B49 /* SettingsPageViewModel.swift */ = {isa = PBXFileReference; lastKnownFileType = sourcecode.swift; path = SettingsPageViewModel.swift; sourceTree = "<group>"; };
		F97C6FE22A4F165800EC1B49 /* SettingsItemView.swift */ = {isa = PBXFileReference; lastKnownFileType = sourcecode.swift; path = SettingsItemView.swift; sourceTree = "<group>"; };
		F97C6FF62A4F7C3800EC1B49 /* Config.plist */ = {isa = PBXFileReference; lastKnownFileType = text.plist.xml; path = Config.plist; sourceTree = "<group>"; };
		F97C6FF72A4F7C8400EC1B49 /* Environment.swift */ = {isa = PBXFileReference; lastKnownFileType = sourcecode.swift; path = Environment.swift; sourceTree = "<group>"; };
		F97C6FF92A4F7CF800EC1B49 /* Log.swift */ = {isa = PBXFileReference; lastKnownFileType = sourcecode.swift; path = Log.swift; sourceTree = "<group>"; };
		F97C70002A4F7E2200EC1B49 /* UserManager.swift */ = {isa = PBXFileReference; fileEncoding = 4; lastKnownFileType = sourcecode.swift; path = UserManager.swift; sourceTree = "<group>"; };
		F97C70012A4F7E2200EC1B49 /* AuthenticationManager.swift */ = {isa = PBXFileReference; fileEncoding = 4; lastKnownFileType = sourcecode.swift; path = AuthenticationManager.swift; sourceTree = "<group>"; };
		F97C70032A4F7E2200EC1B49 /* ApiParameters.swift */ = {isa = PBXFileReference; fileEncoding = 4; lastKnownFileType = sourcecode.swift; path = ApiParameters.swift; sourceTree = "<group>"; };
		F97C70042A4F7E2200EC1B49 /* ApiClient.swift */ = {isa = PBXFileReference; fileEncoding = 4; lastKnownFileType = sourcecode.swift; path = ApiClient.swift; sourceTree = "<group>"; };
		F97C70052A4F7E2200EC1B49 /* NetworkRequestError.swift */ = {isa = PBXFileReference; fileEncoding = 4; lastKnownFileType = sourcecode.swift; path = NetworkRequestError.swift; sourceTree = "<group>"; };
		F97C70062A4F7E2200EC1B49 /* ApiConstants.swift */ = {isa = PBXFileReference; fileEncoding = 4; lastKnownFileType = sourcecode.swift; path = ApiConstants.swift; sourceTree = "<group>"; };
		F97C70072A4F7E2200EC1B49 /* ApiRouter.swift */ = {isa = PBXFileReference; fileEncoding = 4; lastKnownFileType = sourcecode.swift; path = ApiRouter.swift; sourceTree = "<group>"; };
		F97C70082A4F7E2200EC1B49 /* Request.swift */ = {isa = PBXFileReference; fileEncoding = 4; lastKnownFileType = sourcecode.swift; path = Request.swift; sourceTree = "<group>"; };
		F97C70092A4F7E2200EC1B49 /* NetworkDispatcher.swift */ = {isa = PBXFileReference; fileEncoding = 4; lastKnownFileType = sourcecode.swift; path = NetworkDispatcher.swift; sourceTree = "<group>"; };
		F97C70132A4F7EE000EC1B49 /* Engine.swift */ = {isa = PBXFileReference; lastKnownFileType = sourcecode.swift; path = Engine.swift; sourceTree = "<group>"; };
		F97C70152A4F7F6D00EC1B49 /* TectToImageResponse.swift */ = {isa = PBXFileReference; lastKnownFileType = sourcecode.swift; path = TectToImageResponse.swift; sourceTree = "<group>"; };
		F97C70172A4F7F9800EC1B49 /* GeneratedImageItemModel.swift */ = {isa = PBXFileReference; lastKnownFileType = sourcecode.swift; path = GeneratedImageItemModel.swift; sourceTree = "<group>"; };
		F97C70192A4F801200EC1B49 /* Encodable+Extension.swift */ = {isa = PBXFileReference; lastKnownFileType = sourcecode.swift; path = "Encodable+Extension.swift"; sourceTree = "<group>"; };
		F97C701C2A4F82C900EC1B49 /* EngineSelectionListViewController.swift */ = {isa = PBXFileReference; lastKnownFileType = sourcecode.swift; path = EngineSelectionListViewController.swift; sourceTree = "<group>"; };
/* End PBXFileReference section */

/* Begin PBXFrameworksBuildPhase section */
		F93EE5852A4CE59E003FE151 /* Frameworks */ = {
			isa = PBXFrameworksBuildPhase;
			buildActionMask = 2147483647;
			files = (
				F950A3A72A4D875500AC4D22 /* SnapKit in Frameworks */,
				F93F2A322A5198A00039DEA0 /* FirebaseCrashlytics in Frameworks */,
			);
			runOnlyForDeploymentPostprocessing = 0;
		};
		F93EE59B2A4CE59F003FE151 /* Frameworks */ = {
			isa = PBXFrameworksBuildPhase;
			buildActionMask = 2147483647;
			files = (
			);
			runOnlyForDeploymentPostprocessing = 0;
		};
		F93EE5A52A4CE59F003FE151 /* Frameworks */ = {
			isa = PBXFrameworksBuildPhase;
			buildActionMask = 2147483647;
			files = (
			);
			runOnlyForDeploymentPostprocessing = 0;
		};
/* End PBXFrameworksBuildPhase section */

/* Begin PBXGroup section */
		F921B4DC2A4DBCB100D54F34 /* ViewFactory */ = {
			isa = PBXGroup;
			children = (
				F921B4DD2A4DBCCA00D54F34 /* TextFieldFactory.swift */,
				F921B4DF2A4DBE3A00D54F34 /* ImageViewFactory.swift */,
				F921B4E12A4DBEE100D54F34 /* ButtonFactory.swift */,
				F921B4E32A4DC1EB00D54F34 /* LabelFactory.swift */,
				F921B4E52A4DC21500D54F34 /* StackViewFactory.swift */,
			);
			path = ViewFactory;
			sourceTree = "<group>";
		};
		F921B4EC2A4DDDDD00D54F34 /* Models */ = {
			isa = PBXGroup;
			children = (
				F921B4FA2A4E1E6200D54F34 /* Size.swift */,
				F97C70132A4F7EE000EC1B49 /* Engine.swift */,
				F97C70152A4F7F6D00EC1B49 /* TectToImageResponse.swift */,
				F97C70172A4F7F9800EC1B49 /* GeneratedImageItemModel.swift */,
			);
			path = Models;
			sourceTree = "<group>";
		};
		F921B4F52A4E152400D54F34 /* SelectionList */ = {
			isa = PBXGroup;
			children = (
				F921B4F62A4E156500D54F34 /* SizeSelectionListViewController.swift */,
				F97C701C2A4F82C900EC1B49 /* EngineSelectionListViewController.swift */,
				F921B4FC2A4E20A700D54F34 /* GenericSelectionListTableViewCell.swift */,
			);
			path = SelectionList;
			sourceTree = "<group>";
		};
		F93EE57F2A4CE59E003FE151 = {
			isa = PBXGroup;
			children = (
				F93EE5DA2A4CF73F003FE151 /* README.md */,
				F93EE58A2A4CE59E003FE151 /* diffuVision.AI */,
				F93EE5A12A4CE59F003FE151 /* diffuVision.AITests */,
				F93EE5AB2A4CE59F003FE151 /* diffuVision.AIUITests */,
				F93EE5892A4CE59E003FE151 /* Products */,
			);
			sourceTree = "<group>";
		};
		F93EE5892A4CE59E003FE151 /* Products */ = {
			isa = PBXGroup;
			children = (
				F93EE5882A4CE59E003FE151 /* diffuVision.AI.app */,
				F93EE59E2A4CE59F003FE151 /* diffuVision.AITests.xctest */,
				F93EE5A82A4CE59F003FE151 /* diffuVision.AIUITests.xctest */,
			);
			name = Products;
			sourceTree = "<group>";
		};
		F93EE58A2A4CE59E003FE151 /* diffuVision.AI */ = {
			isa = PBXGroup;
			children = (
				F93F2A332A5199090039DEA0 /* diffuVision.AI.entitlements */,
				F93EE5BD2A4CE7B7003FE151 /* App */,
				F921B4EC2A4DDDDD00D54F34 /* Models */,
				F93EE5BF2A4CE823003FE151 /* Features */,
				F93EE5C02A4CE82B003FE151 /* Common */,
				F93EE5D42A4CF199003FE151 /* Services */,
				F950A3992A4D7D4300AC4D22 /* Extensions */,
				F95EB7E82A5094C900B9FD14 /* Helpers */,
				F950A39A2A4D7D4A00AC4D22 /* Utilities */,
				F93EE5BE2A4CE81E003FE151 /* Resources */,
				F93EE5992A4CE59F003FE151 /* Info.plist */,
				F97C6FF62A4F7C3800EC1B49 /* Config.plist */,
				F95EB7F62A509A4B00B9FD14 /* GoogleService-Info.plist */,
				F93EE5CB2A4CEABC003FE151 /* swiftgen.yml */,
			);
			path = diffuVision.AI;
			sourceTree = "<group>";
		};
		F93EE5A12A4CE59F003FE151 /* diffuVision.AITests */ = {
			isa = PBXGroup;
			children = (
				F93EE5A22A4CE59F003FE151 /* diffuVision_AITests.swift */,
			);
			path = diffuVision.AITests;
			sourceTree = "<group>";
		};
		F93EE5AB2A4CE59F003FE151 /* diffuVision.AIUITests */ = {
			isa = PBXGroup;
			children = (
				F93EE5AC2A4CE59F003FE151 /* diffuVision_AIUITests.swift */,
				F93EE5AE2A4CE59F003FE151 /* diffuVision_AIUITestsLaunchTests.swift */,
			);
			path = diffuVision.AIUITests;
			sourceTree = "<group>";
		};
		F93EE5BD2A4CE7B7003FE151 /* App */ = {
			isa = PBXGroup;
			children = (
				F93EE58B2A4CE59E003FE151 /* AppDelegate.swift */,
				F93EE58D2A4CE59E003FE151 /* SceneDelegate.swift */,
				F950A3972A4D026000AC4D22 /* LaunchScreen.storyboard */,
			);
			path = App;
			sourceTree = "<group>";
		};
		F93EE5BE2A4CE81E003FE151 /* Resources */ = {
			isa = PBXGroup;
			children = (
				F93EE5C12A4CE8E8003FE151 /* Assets */,
				F93EE5C22A4CE8F2003FE151 /* Localization */,
				F93EE5C32A4CE8FB003FE151 /* Generated */,
			);
			path = Resources;
			sourceTree = "<group>";
		};
		F93EE5BF2A4CE823003FE151 /* Features */ = {
			isa = PBXGroup;
			children = (
				F93EE5D52A4CF1C0003FE151 /* Root */,
				F950A38C2A4CFB8700AC4D22 /* MainTabBar */,
				F950A38D2A4CFB8B00AC4D22 /* Authentication */,
				F950A39F2A4D7EC600AC4D22 /* HomePage */,
				F950A3A22A4D7EE400AC4D22 /* SettingsPage */,
			);
			path = Features;
			sourceTree = "<group>";
		};
		F93EE5C02A4CE82B003FE151 /* Common */ = {
			isa = PBXGroup;
			children = (
				F95EB7DC2A50235F00B9FD14 /* GeneratedImage */,
				F921B4DC2A4DBCB100D54F34 /* ViewFactory */,
				F921B4F52A4E152400D54F34 /* SelectionList */,
				F93F2A2C2A5185990039DEA0 /* GradientView.swift */,
			);
			path = Common;
			sourceTree = "<group>";
		};
		F93EE5C12A4CE8E8003FE151 /* Assets */ = {
			isa = PBXGroup;
			children = (
				F93EE5942A4CE59E003FE151 /* Assets.xcassets */,
				F93EE5CE2A4CEB79003FE151 /* Colors.xcassets */,
			);
			path = Assets;
			sourceTree = "<group>";
		};
		F93EE5C22A4CE8F2003FE151 /* Localization */ = {
			isa = PBXGroup;
			children = (
				F93EE5C92A4CEA04003FE151 /* Localizable.strings */,
			);
			path = Localization;
			sourceTree = "<group>";
		};
		F93EE5C32A4CE8FB003FE151 /* Generated */ = {
			isa = PBXGroup;
			children = (
				F93EE5CD2A4CEB03003FE151 /* SwiftGen */,
			);
			path = Generated;
			sourceTree = "<group>";
		};
		F93EE5CD2A4CEB03003FE151 /* SwiftGen */ = {
			isa = PBXGroup;
			children = (
				F93EE5D02A4CEF5B003FE151 /* Colors+Generated.swift */,
				F93EE5D12A4CEF5B003FE151 /* Strings+Generated.swift */,
				F93F2A282A517EA80039DEA0 /* XCAssets+Generated.swift */,
			);
			path = SwiftGen;
			sourceTree = "<group>";
		};
		F93EE5D42A4CF199003FE151 /* Services */ = {
			isa = PBXGroup;
			children = (
				F97C6FFF2A4F7E2200EC1B49 /* Authentication */,
				F97C70022A4F7E2200EC1B49 /* NetworkManager */,
			);
			path = Services;
			sourceTree = "<group>";
		};
		F93EE5D52A4CF1C0003FE151 /* Root */ = {
			isa = PBXGroup;
			children = (
				F93EE5D62A4CF1CE003FE151 /* RootViewController.swift */,
				F93EE5D82A4CF1D9003FE151 /* RootViewModel.swift */,
			);
			path = Root;
			sourceTree = "<group>";
		};
		F950A38C2A4CFB8700AC4D22 /* MainTabBar */ = {
			isa = PBXGroup;
			children = (
				F950A38E2A4CFBA600AC4D22 /* MainTabBarController.swift */,
			);
			path = MainTabBar;
			sourceTree = "<group>";
		};
		F950A38D2A4CFB8B00AC4D22 /* Authentication */ = {
			isa = PBXGroup;
			children = (
				F950A3902A4CFBB900AC4D22 /* LoginViewController.swift */,
				F93F2A2E2A5192CD0039DEA0 /* LoginViewModel.swift */,
			);
			path = Authentication;
			sourceTree = "<group>";
		};
		F950A3992A4D7D4300AC4D22 /* Extensions */ = {
			isa = PBXGroup;
			children = (
				F950A3AE2A4D8C8C00AC4D22 /* UIViewController+Extension.swift */,
				F97C70192A4F801200EC1B49 /* Encodable+Extension.swift */,
			);
			path = Extensions;
			sourceTree = "<group>";
		};
		F950A39A2A4D7D4A00AC4D22 /* Utilities */ = {
			isa = PBXGroup;
			children = (
				F95EB7EB2A5098F800B9FD14 /* CrashlyticsManager.swift */,
				F950A39B2A4D7D8000AC4D22 /* Constants.swift */,
				F950A39D2A4D7DB300AC4D22 /* Icons.swift */,
				F97C6FF72A4F7C8400EC1B49 /* Environment.swift */,
				F97C6FF92A4F7CF800EC1B49 /* Log.swift */,
			);
			path = Utilities;
			sourceTree = "<group>";
		};
		F950A39F2A4D7EC600AC4D22 /* HomePage */ = {
			isa = PBXGroup;
			children = (
				F950A3A02A4D7ED400AC4D22 /* HomePageViewController.swift */,
				F921B4E82A4DC29900D54F34 /* HomePageViewModel.swift */,
			);
			path = HomePage;
			sourceTree = "<group>";
		};
		F950A3A22A4D7EE400AC4D22 /* SettingsPage */ = {
			isa = PBXGroup;
			children = (
				F950A3A32A4D7EFD00AC4D22 /* SettingsPageViewController.swift */,
				F97C6FDC2A4F05BF00EC1B49 /* SettingsPageViewModel.swift */,
				F97C6FE22A4F165800EC1B49 /* SettingsItemView.swift */,
			);
			path = SettingsPage;
			sourceTree = "<group>";
		};
		F95EB7DC2A50235F00B9FD14 /* GeneratedImage */ = {
			isa = PBXGroup;
			children = (
				F95EB7DF2A502A8000B9FD14 /* GeneratedImageViewController.swift */,
			);
			path = GeneratedImage;
			sourceTree = "<group>";
		};
		F95EB7E82A5094C900B9FD14 /* Helpers */ = {
			isa = PBXGroup;
			children = (
				F95EB7E92A5094E300B9FD14 /* Spinner.swift */,
				F93F2A342A51993B0039DEA0 /* KeychainHelper.swift */,
			);
			path = Helpers;
			sourceTree = "<group>";
		};
		F97C6FFF2A4F7E2200EC1B49 /* Authentication */ = {
			isa = PBXGroup;
			children = (
				F97C70002A4F7E2200EC1B49 /* UserManager.swift */,
				F97C70012A4F7E2200EC1B49 /* AuthenticationManager.swift */,
			);
			path = Authentication;
			sourceTree = "<group>";
		};
		F97C70022A4F7E2200EC1B49 /* NetworkManager */ = {
			isa = PBXGroup;
			children = (
				F97C70032A4F7E2200EC1B49 /* ApiParameters.swift */,
				F97C70042A4F7E2200EC1B49 /* ApiClient.swift */,
				F97C70052A4F7E2200EC1B49 /* NetworkRequestError.swift */,
				F97C70062A4F7E2200EC1B49 /* ApiConstants.swift */,
				F97C70072A4F7E2200EC1B49 /* ApiRouter.swift */,
				F97C70082A4F7E2200EC1B49 /* Request.swift */,
				F97C70092A4F7E2200EC1B49 /* NetworkDispatcher.swift */,
			);
			path = NetworkManager;
			sourceTree = "<group>";
		};
/* End PBXGroup section */

/* Begin PBXNativeTarget section */
		F93EE5872A4CE59E003FE151 /* diffuVision.AI */ = {
			isa = PBXNativeTarget;
			buildConfigurationList = F93EE5B22A4CE59F003FE151 /* Build configuration list for PBXNativeTarget "diffuVision.AI" */;
			buildPhases = (
				F93EE5BB2A4CE684003FE151 /* SwiftGen */,
				F93EE5842A4CE59E003FE151 /* Sources */,
				F93EE5852A4CE59E003FE151 /* Frameworks */,
				F93EE5862A4CE59E003FE151 /* Resources */,
				F93EE5BC2A4CE73B003FE151 /* Crashlytics */,
			);
			buildRules = (
			);
			dependencies = (
			);
			name = diffuVision.AI;
			packageProductDependencies = (
				F950A3A62A4D875500AC4D22 /* SnapKit */,
				F93F2A312A5198A00039DEA0 /* FirebaseCrashlytics */,
			);
			productName = diffuVision.AI;
			productReference = F93EE5882A4CE59E003FE151 /* diffuVision.AI.app */;
			productType = "com.apple.product-type.application";
		};
		F93EE59D2A4CE59F003FE151 /* diffuVision.AITests */ = {
			isa = PBXNativeTarget;
			buildConfigurationList = F93EE5B52A4CE59F003FE151 /* Build configuration list for PBXNativeTarget "diffuVision.AITests" */;
			buildPhases = (
				F93EE59A2A4CE59F003FE151 /* Sources */,
				F93EE59B2A4CE59F003FE151 /* Frameworks */,
				F93EE59C2A4CE59F003FE151 /* Resources */,
			);
			buildRules = (
			);
			dependencies = (
				F93EE5A02A4CE59F003FE151 /* PBXTargetDependency */,
			);
			name = diffuVision.AITests;
			productName = diffuVision.AITests;
			productReference = F93EE59E2A4CE59F003FE151 /* diffuVision.AITests.xctest */;
			productType = "com.apple.product-type.bundle.unit-test";
		};
		F93EE5A72A4CE59F003FE151 /* diffuVision.AIUITests */ = {
			isa = PBXNativeTarget;
			buildConfigurationList = F93EE5B82A4CE59F003FE151 /* Build configuration list for PBXNativeTarget "diffuVision.AIUITests" */;
			buildPhases = (
				F93EE5A42A4CE59F003FE151 /* Sources */,
				F93EE5A52A4CE59F003FE151 /* Frameworks */,
				F93EE5A62A4CE59F003FE151 /* Resources */,
			);
			buildRules = (
			);
			dependencies = (
				F93EE5AA2A4CE59F003FE151 /* PBXTargetDependency */,
			);
			name = diffuVision.AIUITests;
			productName = diffuVision.AIUITests;
			productReference = F93EE5A82A4CE59F003FE151 /* diffuVision.AIUITests.xctest */;
			productType = "com.apple.product-type.bundle.ui-testing";
		};
/* End PBXNativeTarget section */

/* Begin PBXProject section */
		F93EE5802A4CE59E003FE151 /* Project object */ = {
			isa = PBXProject;
			attributes = {
				BuildIndependentTargetsInParallel = 1;
				LastSwiftUpdateCheck = 1430;
				LastUpgradeCheck = 1430;
				TargetAttributes = {
					F93EE5872A4CE59E003FE151 = {
						CreatedOnToolsVersion = 14.3.1;
					};
					F93EE59D2A4CE59F003FE151 = {
						CreatedOnToolsVersion = 14.3.1;
						TestTargetID = F93EE5872A4CE59E003FE151;
					};
					F93EE5A72A4CE59F003FE151 = {
						CreatedOnToolsVersion = 14.3.1;
						TestTargetID = F93EE5872A4CE59E003FE151;
					};
				};
			};
			buildConfigurationList = F93EE5832A4CE59E003FE151 /* Build configuration list for PBXProject "diffuVision.AI" */;
			compatibilityVersion = "Xcode 14.0";
			developmentRegion = en;
			hasScannedForEncodings = 0;
			knownRegions = (
				en,
				Base,
				tr,
			);
			mainGroup = F93EE57F2A4CE59E003FE151;
			packageReferences = (
				F950A3A52A4D875500AC4D22 /* XCRemoteSwiftPackageReference "SnapKit" */,
				F93F2A302A5198A00039DEA0 /* XCRemoteSwiftPackageReference "firebase-ios-sdk" */,
			);
			productRefGroup = F93EE5892A4CE59E003FE151 /* Products */;
			projectDirPath = "";
			projectRoot = "";
			targets = (
				F93EE5872A4CE59E003FE151 /* diffuVision.AI */,
				F93EE59D2A4CE59F003FE151 /* diffuVision.AITests */,
				F93EE5A72A4CE59F003FE151 /* diffuVision.AIUITests */,
			);
		};
/* End PBXProject section */

/* Begin PBXResourcesBuildPhase section */
		F93EE5862A4CE59E003FE151 /* Resources */ = {
			isa = PBXResourcesBuildPhase;
			buildActionMask = 2147483647;
			files = (
				F93EE5DB2A4CF73F003FE151 /* README.md in Resources */,
				F95EB7F72A509A4B00B9FD14 /* GoogleService-Info.plist in Resources */,
				F93EE5CF2A4CEB79003FE151 /* Colors.xcassets in Resources */,
				F93EE5C72A4CEA04003FE151 /* Localizable.strings in Resources */,
				F950A3982A4D026000AC4D22 /* LaunchScreen.storyboard in Resources */,
				F93EE5952A4CE59E003FE151 /* Assets.xcassets in Resources */,
				F93EE5CC2A4CEABC003FE151 /* swiftgen.yml in Resources */,
				F97C701B2A4F823900EC1B49 /* Config.plist in Resources */,
			);
			runOnlyForDeploymentPostprocessing = 0;
		};
		F93EE59C2A4CE59F003FE151 /* Resources */ = {
			isa = PBXResourcesBuildPhase;
			buildActionMask = 2147483647;
			files = (
			);
			runOnlyForDeploymentPostprocessing = 0;
		};
		F93EE5A62A4CE59F003FE151 /* Resources */ = {
			isa = PBXResourcesBuildPhase;
			buildActionMask = 2147483647;
			files = (
			);
			runOnlyForDeploymentPostprocessing = 0;
		};
/* End PBXResourcesBuildPhase section */

/* Begin PBXShellScriptBuildPhase section */
		F93EE5BB2A4CE684003FE151 /* SwiftGen */ = {
			isa = PBXShellScriptBuildPhase;
			buildActionMask = 2147483647;
			files = (
			);
			inputFileListPaths = (
			);
			inputPaths = (
			);
			name = SwiftGen;
			outputFileListPaths = (
			);
			outputPaths = (
			);
			runOnlyForDeploymentPostprocessing = 0;
			shellPath = /bin/sh;
			shellScript = "export PATH=\"$PATH:/opt/homebrew/bin\"\nif which swiftgen >/dev/null; then\n  swiftgen config run --config \"$SRCROOT/diffuVision.AI/swiftgen.yml\"\nelse\n  echo \"error: SwiftGen not installed, download it from https://github.com/SwiftGen/SwiftGen\"\nfi\n";
		};
		F93EE5BC2A4CE73B003FE151 /* Crashlytics */ = {
			isa = PBXShellScriptBuildPhase;
			buildActionMask = 2147483647;
			files = (
			);
			inputFileListPaths = (
			);
			inputPaths = (
				"${DWARF_DSYM_FOLDER_PATH}/${DWARF_DSYM_FILE_NAME}/Contents/Resources/DWARF/${TARGET_NAME}",
				"$(SRCROOT)/$(BUILT_PRODUCTS_DIR)/$(INFOPLIST_PATH)",
			);
			name = Crashlytics;
			outputFileListPaths = (
			);
			outputPaths = (
			);
			runOnlyForDeploymentPostprocessing = 0;
			shellPath = /bin/sh;
			shellScript = "\"${BUILD_DIR%/Build/*}/SourcePackages/checkouts/firebase-ios-sdk/Crashlytics/run\"\n";
		};
/* End PBXShellScriptBuildPhase section */

/* Begin PBXSourcesBuildPhase section */
		F93EE5842A4CE59E003FE151 /* Sources */ = {
			isa = PBXSourcesBuildPhase;
			buildActionMask = 2147483647;
			files = (
				F93F2A2F2A5192CD0039DEA0 /* LoginViewModel.swift in Sources */,
				F93F2A292A517EA80039DEA0 /* XCAssets+Generated.swift in Sources */,
				F921B4FD2A4E20A700D54F34 /* GenericSelectionListTableViewCell.swift in Sources */,
				F921B4FB2A4E1E6200D54F34 /* Size.swift in Sources */,
				F97C6FFA2A4F7CF800EC1B49 /* Log.swift in Sources */,
				F97C70122A4F7E2200EC1B49 /* NetworkDispatcher.swift in Sources */,
				F921B4DE2A4DBCCA00D54F34 /* TextFieldFactory.swift in Sources */,
				F97C700F2A4F7E2200EC1B49 /* ApiConstants.swift in Sources */,
				F97C70162A4F7F6D00EC1B49 /* TectToImageResponse.swift in Sources */,
				F95EB7E02A502A8000B9FD14 /* GeneratedImageViewController.swift in Sources */,
				F921B4E42A4DC1EB00D54F34 /* LabelFactory.swift in Sources */,
				F950A38F2A4CFBA600AC4D22 /* MainTabBarController.swift in Sources */,
				F93F2A352A51993B0039DEA0 /* KeychainHelper.swift in Sources */,
				F95EB7EC2A5098F800B9FD14 /* CrashlyticsManager.swift in Sources */,
				F97C701D2A4F82C900EC1B49 /* EngineSelectionListViewController.swift in Sources */,
				F97C70112A4F7E2200EC1B49 /* Request.swift in Sources */,
				F921B4E22A4DBEE100D54F34 /* ButtonFactory.swift in Sources */,
				F97C6FE32A4F165800EC1B49 /* SettingsItemView.swift in Sources */,
				F950A3AF2A4D8C8C00AC4D22 /* UIViewController+Extension.swift in Sources */,
				F93F2A2D2A5185990039DEA0 /* GradientView.swift in Sources */,
				F97C700C2A4F7E2200EC1B49 /* ApiParameters.swift in Sources */,
				F97C700B2A4F7E2200EC1B49 /* AuthenticationManager.swift in Sources */,
				F93EE5D72A4CF1CE003FE151 /* RootViewController.swift in Sources */,
				F97C70102A4F7E2200EC1B49 /* ApiRouter.swift in Sources */,
				F97C701A2A4F801200EC1B49 /* Encodable+Extension.swift in Sources */,
				F921B4E02A4DBE3A00D54F34 /* ImageViewFactory.swift in Sources */,
				F93EE5D32A4CEF5B003FE151 /* Strings+Generated.swift in Sources */,
				F93EE5D22A4CEF5B003FE151 /* Colors+Generated.swift in Sources */,
				F950A3912A4CFBB900AC4D22 /* LoginViewController.swift in Sources */,
				F93EE58C2A4CE59E003FE151 /* AppDelegate.swift in Sources */,
				F921B4E92A4DC29900D54F34 /* HomePageViewModel.swift in Sources */,
				F93EE5D92A4CF1D9003FE151 /* RootViewModel.swift in Sources */,
				F950A3A12A4D7ED400AC4D22 /* HomePageViewController.swift in Sources */,
				F97C700A2A4F7E2200EC1B49 /* UserManager.swift in Sources */,
				F97C70142A4F7EE000EC1B49 /* Engine.swift in Sources */,
				F97C6FDD2A4F05BF00EC1B49 /* SettingsPageViewModel.swift in Sources */,
				F95EB7EA2A5094E300B9FD14 /* Spinner.swift in Sources */,
				F950A3A42A4D7EFD00AC4D22 /* SettingsPageViewController.swift in Sources */,
				F97C700E2A4F7E2200EC1B49 /* NetworkRequestError.swift in Sources */,
				F97C6FF82A4F7C8400EC1B49 /* Environment.swift in Sources */,
				F921B4F72A4E156500D54F34 /* SizeSelectionListViewController.swift in Sources */,
				F93EE58E2A4CE59E003FE151 /* SceneDelegate.swift in Sources */,
				F950A39E2A4D7DB300AC4D22 /* Icons.swift in Sources */,
				F921B4E62A4DC21500D54F34 /* StackViewFactory.swift in Sources */,
				F950A39C2A4D7D8000AC4D22 /* Constants.swift in Sources */,
				F97C70182A4F7F9800EC1B49 /* GeneratedImageItemModel.swift in Sources */,
				F97C700D2A4F7E2200EC1B49 /* ApiClient.swift in Sources */,
			);
			runOnlyForDeploymentPostprocessing = 0;
		};
		F93EE59A2A4CE59F003FE151 /* Sources */ = {
			isa = PBXSourcesBuildPhase;
			buildActionMask = 2147483647;
			files = (
				F93EE5A32A4CE59F003FE151 /* diffuVision_AITests.swift in Sources */,
			);
			runOnlyForDeploymentPostprocessing = 0;
		};
		F93EE5A42A4CE59F003FE151 /* Sources */ = {
			isa = PBXSourcesBuildPhase;
			buildActionMask = 2147483647;
			files = (
				F93EE5AD2A4CE59F003FE151 /* diffuVision_AIUITests.swift in Sources */,
				F93EE5AF2A4CE59F003FE151 /* diffuVision_AIUITestsLaunchTests.swift in Sources */,
			);
			runOnlyForDeploymentPostprocessing = 0;
		};
/* End PBXSourcesBuildPhase section */

/* Begin PBXTargetDependency section */
		F93EE5A02A4CE59F003FE151 /* PBXTargetDependency */ = {
			isa = PBXTargetDependency;
			target = F93EE5872A4CE59E003FE151 /* diffuVision.AI */;
			targetProxy = F93EE59F2A4CE59F003FE151 /* PBXContainerItemProxy */;
		};
		F93EE5AA2A4CE59F003FE151 /* PBXTargetDependency */ = {
			isa = PBXTargetDependency;
			target = F93EE5872A4CE59E003FE151 /* diffuVision.AI */;
			targetProxy = F93EE5A92A4CE59F003FE151 /* PBXContainerItemProxy */;
		};
/* End PBXTargetDependency section */

/* Begin PBXVariantGroup section */
		F93EE5C92A4CEA04003FE151 /* Localizable.strings */ = {
			isa = PBXVariantGroup;
			children = (
				F93EE5C82A4CEA04003FE151 /* en */,
				F950A3922A4CFE5C00AC4D22 /* tr */,
			);
			name = Localizable.strings;
			sourceTree = "<group>";
		};
/* End PBXVariantGroup section */

/* Begin XCBuildConfiguration section */
		F93EE5B02A4CE59F003FE151 /* Debug */ = {
			isa = XCBuildConfiguration;
			buildSettings = {
				ALWAYS_SEARCH_USER_PATHS = NO;
				CLANG_ANALYZER_LOCALIZABILITY_NONLOCALIZED = YES;
				CLANG_ANALYZER_NONNULL = YES;
				CLANG_ANALYZER_NUMBER_OBJECT_CONVERSION = YES_AGGRESSIVE;
				CLANG_CXX_LANGUAGE_STANDARD = "gnu++20";
				CLANG_ENABLE_MODULES = YES;
				CLANG_ENABLE_OBJC_ARC = YES;
				CLANG_ENABLE_OBJC_WEAK = YES;
				CLANG_WARN_BLOCK_CAPTURE_AUTORELEASING = YES;
				CLANG_WARN_BOOL_CONVERSION = YES;
				CLANG_WARN_COMMA = YES;
				CLANG_WARN_CONSTANT_CONVERSION = YES;
				CLANG_WARN_DEPRECATED_OBJC_IMPLEMENTATIONS = YES;
				CLANG_WARN_DIRECT_OBJC_ISA_USAGE = YES_ERROR;
				CLANG_WARN_DOCUMENTATION_COMMENTS = YES;
				CLANG_WARN_EMPTY_BODY = YES;
				CLANG_WARN_ENUM_CONVERSION = YES;
				CLANG_WARN_INFINITE_RECURSION = YES;
				CLANG_WARN_INT_CONVERSION = YES;
				CLANG_WARN_NON_LITERAL_NULL_CONVERSION = YES;
				CLANG_WARN_OBJC_IMPLICIT_RETAIN_SELF = YES;
				CLANG_WARN_OBJC_LITERAL_CONVERSION = YES;
				CLANG_WARN_OBJC_ROOT_CLASS = YES_ERROR;
				CLANG_WARN_QUOTED_INCLUDE_IN_FRAMEWORK_HEADER = YES;
				CLANG_WARN_RANGE_LOOP_ANALYSIS = YES;
				CLANG_WARN_STRICT_PROTOTYPES = YES;
				CLANG_WARN_SUSPICIOUS_MOVE = YES;
				CLANG_WARN_UNGUARDED_AVAILABILITY = YES_AGGRESSIVE;
				CLANG_WARN_UNREACHABLE_CODE = YES;
				CLANG_WARN__DUPLICATE_METHOD_MATCH = YES;
				COPY_PHASE_STRIP = NO;
				DEBUG_INFORMATION_FORMAT = dwarf;
				ENABLE_STRICT_OBJC_MSGSEND = YES;
				ENABLE_TESTABILITY = YES;
				GCC_C_LANGUAGE_STANDARD = gnu11;
				GCC_DYNAMIC_NO_PIC = NO;
				GCC_NO_COMMON_BLOCKS = YES;
				GCC_OPTIMIZATION_LEVEL = 0;
				GCC_PREPROCESSOR_DEFINITIONS = (
					"DEBUG=1",
					"$(inherited)",
				);
				GCC_WARN_64_TO_32_BIT_CONVERSION = YES;
				GCC_WARN_ABOUT_RETURN_TYPE = YES_ERROR;
				GCC_WARN_UNDECLARED_SELECTOR = YES;
				GCC_WARN_UNINITIALIZED_AUTOS = YES_AGGRESSIVE;
				GCC_WARN_UNUSED_FUNCTION = YES;
				GCC_WARN_UNUSED_VARIABLE = YES;
				IPHONEOS_DEPLOYMENT_TARGET = 16.4;
				MTL_ENABLE_DEBUG_INFO = INCLUDE_SOURCE;
				MTL_FAST_MATH = YES;
				ONLY_ACTIVE_ARCH = YES;
				SDKROOT = iphoneos;
				SWIFT_ACTIVE_COMPILATION_CONDITIONS = DEBUG;
				SWIFT_OPTIMIZATION_LEVEL = "-Onone";
			};
			name = Debug;
		};
		F93EE5B12A4CE59F003FE151 /* Release */ = {
			isa = XCBuildConfiguration;
			buildSettings = {
				ALWAYS_SEARCH_USER_PATHS = NO;
				CLANG_ANALYZER_LOCALIZABILITY_NONLOCALIZED = YES;
				CLANG_ANALYZER_NONNULL = YES;
				CLANG_ANALYZER_NUMBER_OBJECT_CONVERSION = YES_AGGRESSIVE;
				CLANG_CXX_LANGUAGE_STANDARD = "gnu++20";
				CLANG_ENABLE_MODULES = YES;
				CLANG_ENABLE_OBJC_ARC = YES;
				CLANG_ENABLE_OBJC_WEAK = YES;
				CLANG_WARN_BLOCK_CAPTURE_AUTORELEASING = YES;
				CLANG_WARN_BOOL_CONVERSION = YES;
				CLANG_WARN_COMMA = YES;
				CLANG_WARN_CONSTANT_CONVERSION = YES;
				CLANG_WARN_DEPRECATED_OBJC_IMPLEMENTATIONS = YES;
				CLANG_WARN_DIRECT_OBJC_ISA_USAGE = YES_ERROR;
				CLANG_WARN_DOCUMENTATION_COMMENTS = YES;
				CLANG_WARN_EMPTY_BODY = YES;
				CLANG_WARN_ENUM_CONVERSION = YES;
				CLANG_WARN_INFINITE_RECURSION = YES;
				CLANG_WARN_INT_CONVERSION = YES;
				CLANG_WARN_NON_LITERAL_NULL_CONVERSION = YES;
				CLANG_WARN_OBJC_IMPLICIT_RETAIN_SELF = YES;
				CLANG_WARN_OBJC_LITERAL_CONVERSION = YES;
				CLANG_WARN_OBJC_ROOT_CLASS = YES_ERROR;
				CLANG_WARN_QUOTED_INCLUDE_IN_FRAMEWORK_HEADER = YES;
				CLANG_WARN_RANGE_LOOP_ANALYSIS = YES;
				CLANG_WARN_STRICT_PROTOTYPES = YES;
				CLANG_WARN_SUSPICIOUS_MOVE = YES;
				CLANG_WARN_UNGUARDED_AVAILABILITY = YES_AGGRESSIVE;
				CLANG_WARN_UNREACHABLE_CODE = YES;
				CLANG_WARN__DUPLICATE_METHOD_MATCH = YES;
				COPY_PHASE_STRIP = NO;
				DEBUG_INFORMATION_FORMAT = "dwarf-with-dsym";
				ENABLE_NS_ASSERTIONS = NO;
				ENABLE_STRICT_OBJC_MSGSEND = YES;
				GCC_C_LANGUAGE_STANDARD = gnu11;
				GCC_NO_COMMON_BLOCKS = YES;
				GCC_WARN_64_TO_32_BIT_CONVERSION = YES;
				GCC_WARN_ABOUT_RETURN_TYPE = YES_ERROR;
				GCC_WARN_UNDECLARED_SELECTOR = YES;
				GCC_WARN_UNINITIALIZED_AUTOS = YES_AGGRESSIVE;
				GCC_WARN_UNUSED_FUNCTION = YES;
				GCC_WARN_UNUSED_VARIABLE = YES;
				IPHONEOS_DEPLOYMENT_TARGET = 16.4;
				MTL_ENABLE_DEBUG_INFO = NO;
				MTL_FAST_MATH = YES;
				SDKROOT = iphoneos;
				SWIFT_COMPILATION_MODE = wholemodule;
				SWIFT_OPTIMIZATION_LEVEL = "-O";
				VALIDATE_PRODUCT = YES;
			};
			name = Release;
		};
		F93EE5B32A4CE59F003FE151 /* Debug */ = {
			isa = XCBuildConfiguration;
			buildSettings = {
				ASSETCATALOG_COMPILER_APPICON_NAME = AppIcon;
				ASSETCATALOG_COMPILER_GLOBAL_ACCENT_COLOR_NAME = AccentColor;
				CODE_SIGN_ENTITLEMENTS = diffuVision.AI/diffuVision.AI.entitlements;
				CODE_SIGN_STYLE = Automatic;
				CURRENT_PROJECT_VERSION = 1;
				DEBUG_INFORMATION_FORMAT = "dwarf-with-dsym";
				DEVELOPMENT_TEAM = 34KSDVD249;
				GENERATE_INFOPLIST_FILE = YES;
				INFOPLIST_FILE = diffuVision.AI/Info.plist;
				INFOPLIST_KEY_CFBundleDisplayName = diffuVision.AI;
				INFOPLIST_KEY_LSApplicationCategoryType = "public.app-category.photography";
				INFOPLIST_KEY_NSPhotoLibraryAddUsageDescription = "The app needs access to your photo library to be able to save the image.";
				INFOPLIST_KEY_UIApplicationSupportsIndirectInputEvents = YES;
				INFOPLIST_KEY_UILaunchStoryboardName = LaunchScreen.storyboard;
				INFOPLIST_KEY_UISupportedInterfaceOrientations = UIInterfaceOrientationPortrait;
				INFOPLIST_KEY_UISupportedInterfaceOrientations_iPad = "UIInterfaceOrientationLandscapeLeft UIInterfaceOrientationLandscapeRight UIInterfaceOrientationPortrait UIInterfaceOrientationPortraitUpsideDown";
				IPHONEOS_DEPLOYMENT_TARGET = 15.0;
				LD_RUNPATH_SEARCH_PATHS = (
					"$(inherited)",
					"@executable_path/Frameworks",
				);
				MARKETING_VERSION = 1.0;
				PRODUCT_BUNDLE_IDENTIFIER = "com.ihsanakbay.diffuVision-AI";
				PRODUCT_NAME = "$(TARGET_NAME)";
				SUPPORTED_PLATFORMS = "iphoneos iphonesimulator";
				SUPPORTS_MACCATALYST = NO;
				SUPPORTS_MAC_DESIGNED_FOR_IPHONE_IPAD = NO;
				SWIFT_EMIT_LOC_STRINGS = YES;
				SWIFT_VERSION = 5.0;
				TARGETED_DEVICE_FAMILY = 1;
			};
			name = Debug;
		};
		F93EE5B42A4CE59F003FE151 /* Release */ = {
			isa = XCBuildConfiguration;
			buildSettings = {
				ASSETCATALOG_COMPILER_APPICON_NAME = AppIcon;
				ASSETCATALOG_COMPILER_GLOBAL_ACCENT_COLOR_NAME = AccentColor;
				CODE_SIGN_ENTITLEMENTS = diffuVision.AI/diffuVision.AI.entitlements;
				CODE_SIGN_STYLE = Automatic;
				CURRENT_PROJECT_VERSION = 1;
				DEVELOPMENT_TEAM = 34KSDVD249;
				GENERATE_INFOPLIST_FILE = YES;
				INFOPLIST_FILE = diffuVision.AI/Info.plist;
				INFOPLIST_KEY_CFBundleDisplayName = diffuVision.AI;
				INFOPLIST_KEY_LSApplicationCategoryType = "public.app-category.photography";
				INFOPLIST_KEY_NSPhotoLibraryAddUsageDescription = "The app needs access to your photo library to be able to save the image.";
				INFOPLIST_KEY_UIApplicationSupportsIndirectInputEvents = YES;
				INFOPLIST_KEY_UILaunchStoryboardName = LaunchScreen.storyboard;
				INFOPLIST_KEY_UISupportedInterfaceOrientations = UIInterfaceOrientationPortrait;
				INFOPLIST_KEY_UISupportedInterfaceOrientations_iPad = "UIInterfaceOrientationLandscapeLeft UIInterfaceOrientationLandscapeRight UIInterfaceOrientationPortrait UIInterfaceOrientationPortraitUpsideDown";
				IPHONEOS_DEPLOYMENT_TARGET = 15.0;
				LD_RUNPATH_SEARCH_PATHS = (
					"$(inherited)",
					"@executable_path/Frameworks",
				);
				MARKETING_VERSION = 1.0;
				PRODUCT_BUNDLE_IDENTIFIER = "com.ihsanakbay.diffuVision-AI";
				PRODUCT_NAME = "$(TARGET_NAME)";
				SUPPORTED_PLATFORMS = "iphoneos iphonesimulator";
				SUPPORTS_MACCATALYST = NO;
				SUPPORTS_MAC_DESIGNED_FOR_IPHONE_IPAD = NO;
				SWIFT_EMIT_LOC_STRINGS = YES;
				SWIFT_VERSION = 5.0;
				TARGETED_DEVICE_FAMILY = 1;
			};
			name = Release;
		};
		F93EE5B62A4CE59F003FE151 /* Debug */ = {
			isa = XCBuildConfiguration;
			buildSettings = {
				ALWAYS_EMBED_SWIFT_STANDARD_LIBRARIES = YES;
				BUNDLE_LOADER = "$(TEST_HOST)";
				CODE_SIGN_STYLE = Automatic;
				CURRENT_PROJECT_VERSION = 1;
				DEVELOPMENT_TEAM = 34KSDVD249;
				GENERATE_INFOPLIST_FILE = YES;
				IPHONEOS_DEPLOYMENT_TARGET = 16.4;
				MARKETING_VERSION = 1.0;
				PRODUCT_BUNDLE_IDENTIFIER = "com.ihsanakbay.diffuVision-AITests";
				PRODUCT_NAME = "$(TARGET_NAME)";
				SWIFT_EMIT_LOC_STRINGS = NO;
				SWIFT_VERSION = 5.0;
				TARGETED_DEVICE_FAMILY = "1,2";
				TEST_HOST = "$(BUILT_PRODUCTS_DIR)/diffuVision.AI.app/$(BUNDLE_EXECUTABLE_FOLDER_PATH)/diffuVision.AI";
			};
			name = Debug;
		};
		F93EE5B72A4CE59F003FE151 /* Release */ = {
			isa = XCBuildConfiguration;
			buildSettings = {
				ALWAYS_EMBED_SWIFT_STANDARD_LIBRARIES = YES;
				BUNDLE_LOADER = "$(TEST_HOST)";
				CODE_SIGN_STYLE = Automatic;
				CURRENT_PROJECT_VERSION = 1;
				DEVELOPMENT_TEAM = 34KSDVD249;
				GENERATE_INFOPLIST_FILE = YES;
				IPHONEOS_DEPLOYMENT_TARGET = 16.4;
				MARKETING_VERSION = 1.0;
				PRODUCT_BUNDLE_IDENTIFIER = "com.ihsanakbay.diffuVision-AITests";
				PRODUCT_NAME = "$(TARGET_NAME)";
				SWIFT_EMIT_LOC_STRINGS = NO;
				SWIFT_VERSION = 5.0;
				TARGETED_DEVICE_FAMILY = "1,2";
				TEST_HOST = "$(BUILT_PRODUCTS_DIR)/diffuVision.AI.app/$(BUNDLE_EXECUTABLE_FOLDER_PATH)/diffuVision.AI";
			};
			name = Release;
		};
		F93EE5B92A4CE59F003FE151 /* Debug */ = {
			isa = XCBuildConfiguration;
			buildSettings = {
				ALWAYS_EMBED_SWIFT_STANDARD_LIBRARIES = YES;
				CODE_SIGN_STYLE = Automatic;
				CURRENT_PROJECT_VERSION = 1;
				DEVELOPMENT_TEAM = 34KSDVD249;
				GENERATE_INFOPLIST_FILE = YES;
				MARKETING_VERSION = 1.0;
				PRODUCT_BUNDLE_IDENTIFIER = "com.ihsanakbay.diffuVision-AIUITests";
				PRODUCT_NAME = "$(TARGET_NAME)";
				SWIFT_EMIT_LOC_STRINGS = NO;
				SWIFT_VERSION = 5.0;
				TARGETED_DEVICE_FAMILY = "1,2";
				TEST_TARGET_NAME = diffuVision.AI;
			};
			name = Debug;
		};
		F93EE5BA2A4CE59F003FE151 /* Release */ = {
			isa = XCBuildConfiguration;
			buildSettings = {
				ALWAYS_EMBED_SWIFT_STANDARD_LIBRARIES = YES;
				CODE_SIGN_STYLE = Automatic;
				CURRENT_PROJECT_VERSION = 1;
				DEVELOPMENT_TEAM = 34KSDVD249;
				GENERATE_INFOPLIST_FILE = YES;
				MARKETING_VERSION = 1.0;
				PRODUCT_BUNDLE_IDENTIFIER = "com.ihsanakbay.diffuVision-AIUITests";
				PRODUCT_NAME = "$(TARGET_NAME)";
				SWIFT_EMIT_LOC_STRINGS = NO;
				SWIFT_VERSION = 5.0;
				TARGETED_DEVICE_FAMILY = "1,2";
				TEST_TARGET_NAME = diffuVision.AI;
			};
			name = Release;
		};
/* End XCBuildConfiguration section */

/* Begin XCConfigurationList section */
		F93EE5832A4CE59E003FE151 /* Build configuration list for PBXProject "diffuVision.AI" */ = {
			isa = XCConfigurationList;
			buildConfigurations = (
				F93EE5B02A4CE59F003FE151 /* Debug */,
				F93EE5B12A4CE59F003FE151 /* Release */,
			);
			defaultConfigurationIsVisible = 0;
			defaultConfigurationName = Release;
		};
		F93EE5B22A4CE59F003FE151 /* Build configuration list for PBXNativeTarget "diffuVision.AI" */ = {
			isa = XCConfigurationList;
			buildConfigurations = (
				F93EE5B32A4CE59F003FE151 /* Debug */,
				F93EE5B42A4CE59F003FE151 /* Release */,
			);
			defaultConfigurationIsVisible = 0;
			defaultConfigurationName = Release;
		};
		F93EE5B52A4CE59F003FE151 /* Build configuration list for PBXNativeTarget "diffuVision.AITests" */ = {
			isa = XCConfigurationList;
			buildConfigurations = (
				F93EE5B62A4CE59F003FE151 /* Debug */,
				F93EE5B72A4CE59F003FE151 /* Release */,
			);
			defaultConfigurationIsVisible = 0;
			defaultConfigurationName = Release;
		};
		F93EE5B82A4CE59F003FE151 /* Build configuration list for PBXNativeTarget "diffuVision.AIUITests" */ = {
			isa = XCConfigurationList;
			buildConfigurations = (
				F93EE5B92A4CE59F003FE151 /* Debug */,
				F93EE5BA2A4CE59F003FE151 /* Release */,
			);
			defaultConfigurationIsVisible = 0;
			defaultConfigurationName = Release;
		};
/* End XCConfigurationList section */

/* Begin XCRemoteSwiftPackageReference section */
		F93F2A302A5198A00039DEA0 /* XCRemoteSwiftPackageReference "firebase-ios-sdk" */ = {
			isa = XCRemoteSwiftPackageReference;
			repositoryURL = "https://github.com/firebase/firebase-ios-sdk.git";
			requirement = {
				kind = upToNextMinorVersion;
				minimumVersion = 10.11.0;
			};
		};
		F950A3A52A4D875500AC4D22 /* XCRemoteSwiftPackageReference "SnapKit" */ = {
			isa = XCRemoteSwiftPackageReference;
			repositoryURL = "https://github.com/SnapKit/SnapKit.git";
			requirement = {
				kind = upToNextMinorVersion;
				minimumVersion = 5.6.0;
			};
		};
/* End XCRemoteSwiftPackageReference section */

/* Begin XCSwiftPackageProductDependency section */
		F93F2A312A5198A00039DEA0 /* FirebaseCrashlytics */ = {
			isa = XCSwiftPackageProductDependency;
			package = F93F2A302A5198A00039DEA0 /* XCRemoteSwiftPackageReference "firebase-ios-sdk" */;
			productName = FirebaseCrashlytics;
		};
		F950A3A62A4D875500AC4D22 /* SnapKit */ = {
			isa = XCSwiftPackageProductDependency;
			package = F950A3A52A4D875500AC4D22 /* XCRemoteSwiftPackageReference "SnapKit" */;
			productName = SnapKit;
		};
/* End XCSwiftPackageProductDependency section */
	};
	rootObject = F93EE5802A4CE59E003FE151 /* Project object */;
}
